
Microsoft Visual Studio Solution File, Format Version 12.00
# Visual Studio Version 17
VisualStudioVersion = 17.0.31611.283
MinimumVisualStudioVersion = 10.0.40219.1
Project("{9A19103F-16F7-4668-BE54-9A1E7A4F7556}") = "TodoReward.Mobile", "TodoReward\TodoReward.Mobile.csproj", "{1192D365-0E5E-4324-A775-5CE0996E57DF}"
EndProject
Project("{FAE04EC0-301F-11D3-BF4B-00C04F79EFBC}") = "TodoReward.BusinessLayer.Tests", "TodoReward.Tests\TodoReward.BusinessLayer.Tests.csproj", "{06F7F597-93E4-4107-8B1B-E98B3C551042}"
EndProject
Project("{FAE04EC0-301F-11D3-BF4B-00C04F79EFBC}") = "TodoReward.BusinessLayer", "TodoReward.BusinessLayer\TodoReward.BusinessLayer.csproj", "{41CE057D-B679-4D9E-873A-3D4AE8215574}"
EndProject
Project("{2150E333-8FDC-42A3-9474-1A3956D46DE8}") = "Tests", "Tests", "{A78DF3B2-938D-41E1-BFE2-C2BD4FA6D497}"
EndProject
Global
	GlobalSection(SolutionConfigurationPlatforms) = preSolution
		Debug|Any CPU = Debug|Any CPU
		Release|Any CPU = Release|Any CPU
	EndGlobalSection
	GlobalSection(ProjectConfigurationPlatforms) = postSolution
		{1192D365-0E5E-4324-A775-5CE0996E57DF}.Debug|Any CPU.ActiveCfg = Debug|Any CPU
		{1192D365-0E5E-4324-A775-5CE0996E57DF}.Debug|Any CPU.Build.0 = Debug|Any CPU
		{1192D365-0E5E-4324-A775-5CE0996E57DF}.Debug|Any CPU.Deploy.0 = Debug|Any CPU
		{1192D365-0E5E-4324-A775-5CE0996E57DF}.Release|Any CPU.ActiveCfg = Release|Any CPU
		{1192D365-0E5E-4324-A775-5CE0996E57DF}.Release|Any CPU.Build.0 = Release|Any CPU
		{1192D365-0E5E-4324-A775-5CE0996E57DF}.Release|Any CPU.Deploy.0 = Release|Any CPU
		{06F7F597-93E4-4107-8B1B-E98B3C551042}.Debug|Any CPU.ActiveCfg = Debug|Any CPU
		{06F7F597-93E4-4107-8B1B-E98B3C551042}.Debug|Any CPU.Build.0 = Debug|Any CPU
		{06F7F597-93E4-4107-8B1B-E98B3C551042}.Release|Any CPU.ActiveCfg = Release|Any CPU
		{06F7F597-93E4-4107-8B1B-E98B3C551042}.Release|Any CPU.Build.0 = Release|Any CPU
		{41CE057D-B679-4D9E-873A-3D4AE8215574}.Debug|Any CPU.ActiveCfg = Debug|Any CPU
		{41CE057D-B679-4D9E-873A-3D4AE8215574}.Debug|Any CPU.Build.0 = Debug|Any CPU
		{41CE057D-B679-4D9E-873A-3D4AE8215574}.Release|Any CPU.ActiveCfg = Release|Any CPU
		{41CE057D-B679-4D9E-873A-3D4AE8215574}.Release|Any CPU.Build.0 = Release|Any CPU
	EndGlobalSection
	GlobalSection(SolutionProperties) = preSolution
		HideSolutionNode = FALSE
	EndGlobalSection
	GlobalSection(NestedProjects) = preSolution
		{06F7F597-93E4-4107-8B1B-E98B3C551042} = {A78DF3B2-938D-41E1-BFE2-C2BD4FA6D497}
	EndGlobalSection
	GlobalSection(ExtensibilityGlobals) = postSolution
		SolutionGuid = {61F7FB11-1E47-470C-91E2-47F8143E1572}
	EndGlobalSection
EndGlobal
